<?xml version="1.0" encoding="UTF-8"?>
<CONFIG>
  <ProjectOptions>
    <Version Value="12"/>
    <PathDelim Value="\"/>
    <General>
      <Flags>
        <CompatibilityMode Value="True"/>
      </Flags>
      <SessionStorage Value="InProjectDir"/>
      <Title Value="Niveau-Anzeiger"/>
      <ResourceType Value="res"/>
      <UseXPManifest Value="True"/>
      <Icon Value="0"/>
    </General>
    <i18n>
      <EnableI18N LFM="False"/>
    </i18n>
    <BuildModes Count="1">
      <Item1 Name="Default" Default="True"/>
    </BuildModes>
    <PublishOptions>
      <Version Value="2"/>
    </PublishOptions>
    <RunParams>
      <local>
        <LaunchingApplication Use="True"/>
      </local>
      <FormatVersion Value="2"/>
      <Modes Count="1">
        <Mode0 Name="default">
          <local>
            <LaunchingApplication Use="True"/>
          </local>
        </Mode0>
      </Modes>
    </RunParams>
    <RequiredPackages Count="5">
      <Item1>
        <PackageName Value="VLI_OpenGL"/>
      </Item1>
      <Item2>
        <PackageName Value="ogl_Package"/>
      </Item2>
      <Item3>
        <PackageName Value="BGRABitmapPack"/>
      </Item3>
      <Item4>
        <PackageName Value="LazOpenGLContext"/>
      </Item4>
      <Item5>
        <PackageName Value="LCL"/>
      </Item5>
    </RequiredPackages>
    <Units Count="3">
      <Unit0>
        <Filename Value="project1.lpr"/>
        <IsPartOfProject Value="True"/>
      </Unit0>
      <Unit1>
        <Filename Value="hauptfenster.pas"/>
        <IsPartOfProject Value="True"/>
        <ComponentName Value="HauptForm"/>
        <HasResources Value="True"/>
        <ResourceBaseClass Value="Form"/>
        <UnitName Value="HauptFenster"/>
      </Unit1>
      <Unit2>
        <Filename Value="anzeigeroptionen.pas"/>
        <IsPartOfProject Value="True"/>
        <ComponentName Value="AnzeigerOptionenForm"/>
        <HasResources Value="True"/>
        <ResourceBaseClass Value="Form"/>
        <UnitName Value="AnzeigerOptionen"/>
      </Unit2>
    </Units>
  </ProjectOptions>
  <CompilerOptions>
    <Version Value="11"/>
    <PathDelim Value="\"/>
    <Target>
      <Filename Value="Niveau-Anzeiger"/>
    </Target>
    <SearchPaths>
      <IncludeFiles Value="$(ProjOutDir)"/>
      <UnitOutputDirectory Value="\tmp"/>
    </SearchPaths>
    <CodeGeneration>
      <Optimizations>
        <OptimizationLevel Value="3"/>
      </Optimizations>
    </CodeGeneration>
    <Linking>
      <Debugging>
        <GenerateDebugInfo Value="False"/>
        <DebugInfoType Value="dsDwarf3"/>
        <UseExternalDbgSyms Value="True"/>
      </Debugging>
      <Options>
        <Win32>
          <GraphicApplication Value="True"/>
        </Win32>
      </Options>
    </Linking>
    <Other>
      <ConfigFile>
        <WriteConfigFilePath Value="$(ProjOutDir)\fpclaz.cfg"/>
      </ConfigFile>
      <ExecuteBefore>
        <Command Value="..\..\Units\OpenGL\Shader\Shader.bat"/>
        <CompileReasons Compile="False" Build="False" Run="False"/>
      </ExecuteBefore>
    </Other>
  </CompilerOptions>
</CONFIG>
